// !$*UTF8*$!
{
	archiveVersion = 1;
	classes = {
	};
	objectVersion = 77;
	objects = {

/* Begin PBXBuildFile section */
		000D10622EE6827100E7BB5F /* ambient_06.m4a in Resources */ = {isa = PBXBuildFile; fileRef = 000D10612EE6827100E7BB5F /* ambient_06.m4a */; };
		000D10642EE6828200E7BB5F /* ambient_07.m4a in Resources */ = {isa = PBXBuildFile; fileRef = 000D10632EE6828200E7BB5F /* ambient_07.m4a */; };
		0021DBCA2EE4021E002A8B5A /* BalanceSlider.swift in Sources */ = {isa = PBXBuildFile; fileRef = 0021DBC92EE4021E002A8B5A /* BalanceSlider.swift */; };
		0032BABB2ED7F9C700837776 /* ambient_31.m4a in Resources */ = {isa = PBXBuildFile; fileRef = 0032BABA2ED7F9C700837776 /* ambient_31.m4a */; };
		0032BABD2ED7F9D000837776 /* ambient_32.m4a in Resources */ = {isa = PBXBuildFile; fileRef = 0032BABC2ED7F9D000837776 /* ambient_32.m4a */; };
		0032BABF2ED7F9D900837776 /* ambient_33.m4a in Resources */ = {isa = PBXBuildFile; fileRef = 0032BABE2ED7F9D900837776 /* ambient_33.m4a */; };
		0032BAC12ED7F9E000837776 /* ambient_34.m4a in Resources */ = {isa = PBXBuildFile; fileRef = 0032BAC02ED7F9E000837776 /* ambient_34.m4a */; };
		0032BAC52ED801D200837776 /* ambient_14.m4a in Resources */ = {isa = PBXBuildFile; fileRef = 0032BAC42ED801D200837776 /* ambient_14.m4a */; };
		0032BAC72ED801DC00837776 /* ambient_19.m4a in Resources */ = {isa = PBXBuildFile; fileRef = 0032BAC62ED801DC00837776 /* ambient_19.m4a */; };
		0032BACB2EDAA4AB00837776 /* ambient_08.m4a in Resources */ = {isa = PBXBuildFile; fileRef = 0032BAC82EDAA4AB00837776 /* ambient_08.m4a */; };
		0033F88E2EDFFD5B006D3319 /* ambient_05.m4a in Resources */ = {isa = PBXBuildFile; fileRef = 0033F88D2EDFFD5B006D3319 /* ambient_05.m4a */; };
		0033F8D42EE297CF006D3319 /* ColorExtensions.swift in Sources */ = {isa = PBXBuildFile; fileRef = 0033F8C12EE297CF006D3319 /* ColorExtensions.swift */; };
		0033F8D52EE297CF006D3319 /* DimMode.swift in Sources */ = {isa = PBXBuildFile; fileRef = 0033F8C32EE297CF006D3319 /* DimMode.swift */; };
		0033F8D62EE297CF006D3319 /* SelectedItem.swift in Sources */ = {isa = PBXBuildFile; fileRef = 0033F8C42EE297CF006D3319 /* SelectedItem.swift */; };
		0033F8D72EE297CF006D3319 /* CustomSlider.swift in Sources */ = {isa = PBXBuildFile; fileRef = 0033F8C62EE297CF006D3319 /* CustomSlider.swift */; };
		0033F8D82EE297CF006D3319 /* AlarmSelectionView.swift in Sources */ = {isa = PBXBuildFile; fileRef = 0033F8C82EE297CF006D3319 /* AlarmSelectionView.swift */; };
		0033F8D92EE297CF006D3319 /* BlobView.swift in Sources */ = {isa = PBXBuildFile; fileRef = 0033F8C92EE297CF006D3319 /* BlobView.swift */; };
		0033F8DA2EE297CF006D3319 /* BreathingBackgroundView.swift in Sources */ = {isa = PBXBuildFile; fileRef = 0033F8CA2EE297CF006D3319 /* BreathingBackgroundView.swift */; };
		0033F8DB2EE297CF006D3319 /* ContentView.swift in Sources */ = {isa = PBXBuildFile; fileRef = 0033F8CB2EE297CF006D3319 /* ContentView.swift */; };
		0033F8DC2EE297CF006D3319 /* ExpandingView.swift in Sources */ = {isa = PBXBuildFile; fileRef = 0033F8CC2EE297CF006D3319 /* ExpandingView.swift */; };
		0033F8DD2EE297CF006D3319 /* PlasmaBackgroundView.swift in Sources */ = {isa = PBXBuildFile; fileRef = 0033F8CD2EE297CF006D3319 /* PlasmaBackgroundView.swift */; };
		0033F8DE2EE297CF006D3319 /* TextToSpeechManager.swift in Sources */ = {isa = PBXBuildFile; fileRef = 0033F8D12EE297CF006D3319 /* TextToSpeechManager.swift */; };
		0033F8DF2EE297CF006D3319 /* zz_timeApp.swift in Sources */ = {isa = PBXBuildFile; fileRef = 0033F8D22EE297CF006D3319 /* zz_timeApp.swift */; };
		0033F8E02EE297CF006D3319 /* Assets.xcassets in Resources */ = {isa = PBXBuildFile; fileRef = 0033F8CF2EE297CF006D3319 /* Assets.xcassets */; };
		00371B012EAD71200037EDCF /* ambient_13.m4a in Resources */ = {isa = PBXBuildFile; fileRef = 00371AE82EAD71200037EDCF /* ambient_13.m4a */; };
		00371B032EAD71200037EDCF /* ambient_20.m4a in Resources */ = {isa = PBXBuildFile; fileRef = 00371AEF2EAD71200037EDCF /* ambient_20.m4a */; };
		00371B042EAD71200037EDCF /* ambient_26.m4a in Resources */ = {isa = PBXBuildFile; fileRef = 00371AF52EAD71200037EDCF /* ambient_26.m4a */; };
		00371B062EAD71200037EDCF /* ambient_24.m4a in Resources */ = {isa = PBXBuildFile; fileRef = 00371AF32EAD71200037EDCF /* ambient_24.m4a */; };
		00371B072EAD71200037EDCF /* ambient_29.m4a in Resources */ = {isa = PBXBuildFile; fileRef = 00371AF82EAD71200037EDCF /* ambient_29.m4a */; };
		00371B092EAD71200037EDCF /* ambient_16.m4a in Resources */ = {isa = PBXBuildFile; fileRef = 00371AEB2EAD71200037EDCF /* ambient_16.m4a */; };
		00371B0A2EAD71200037EDCF /* ambient_27.m4a in Resources */ = {isa = PBXBuildFile; fileRef = 00371AF62EAD71200037EDCF /* ambient_27.m4a */; };
		00371B0B2EAD71200037EDCF /* ambient_18.m4a in Resources */ = {isa = PBXBuildFile; fileRef = 00371AED2EAD71200037EDCF /* ambient_18.m4a */; };
		00371B0D2EAD71200037EDCF /* ambient_25.m4a in Resources */ = {isa = PBXBuildFile; fileRef = 00371AF42EAD71200037EDCF /* ambient_25.m4a */; };
		00371B112EAD71200037EDCF /* ambient_12.m4a in Resources */ = {isa = PBXBuildFile; fileRef = 00371AE72EAD71200037EDCF /* ambient_12.m4a */; };
		00371B132EAD71200037EDCF /* ambient_22.m4a in Resources */ = {isa = PBXBuildFile; fileRef = 00371AF12EAD71200037EDCF /* ambient_22.m4a */; };
		00371B182EAD71200037EDCF /* ambient_17.m4a in Resources */ = {isa = PBXBuildFile; fileRef = 00371AEC2EAD71200037EDCF /* ambient_17.m4a */; };
		00371B1A2EAD71200037EDCF /* ambient_23.m4a in Resources */ = {isa = PBXBuildFile; fileRef = 00371AF22EAD71200037EDCF /* ambient_23.m4a */; };
		00371B1B2EAD71200037EDCF /* ambient_28.m4a in Resources */ = {isa = PBXBuildFile; fileRef = 00371AF72EAD71200037EDCF /* ambient_28.m4a */; };
		00371B1C2EAD71200037EDCF /* ambient_15.m4a in Resources */ = {isa = PBXBuildFile; fileRef = 00371AEA2EAD71200037EDCF /* ambient_15.m4a */; };
		00371B1D2EAD71200037EDCF /* ambient_30.m4a in Resources */ = {isa = PBXBuildFile; fileRef = 00371AF92EAD71200037EDCF /* ambient_30.m4a */; };
		00371B1E2EAD71200037EDCF /* ambient_11.m4a in Resources */ = {isa = PBXBuildFile; fileRef = 00371AE62EAD71200037EDCF /* ambient_11.m4a */; };
		00371B1F2EAD71200037EDCF /* ambient_21.m4a in Resources */ = {isa = PBXBuildFile; fileRef = 00371AF02EAD71200037EDCF /* ambient_21.m4a */; };
		0069A9832EDFFB3300FFA508 /* ambient_10.m4a in Resources */ = {isa = PBXBuildFile; fileRef = 0069A9822EDFFB3300FFA508 /* ambient_10.m4a */; };
		0069A9842EDFFB3300FFA508 /* ambient_09.m4a in Resources */ = {isa = PBXBuildFile; fileRef = 0069A9812EDFFB3300FFA508 /* ambient_09.m4a */; };
		006D44692EDD4BD300264CFE /* ambient_01.m4a in Resources */ = {isa = PBXBuildFile; fileRef = 006D44622EDD4BD300264CFE /* ambient_01.m4a */; };
		006D44772EDE89EB00264CFE /* ambient_35.m4a in Resources */ = {isa = PBXBuildFile; fileRef = 006D44762EDE89EB00264CFE /* ambient_35.m4a */; };
		006D44792EDE9F6100264CFE /* ambient_04.m4a in Resources */ = {isa = PBXBuildFile; fileRef = 006D44782EDE9F6100264CFE /* ambient_04.m4a */; };
		009461872EDFEE5900DC9E82 /* ambient_02.m4a in Resources */ = {isa = PBXBuildFile; fileRef = 009461862EDFEE5900DC9E82 /* ambient_02.m4a */; };
		0094618B2EDFF40000DC9E82 /* ambient_03.m4a in Resources */ = {isa = PBXBuildFile; fileRef = 0094618A2EDFF40000DC9E82 /* ambient_03.m4a */; };
		00C3BE3B5FABFD46F4B777F4 /* MeditationTextDisplay.swift in Sources */ = {isa = PBXBuildFile; fileRef = 00EF8E543D50C3461BA2D7C4 /* MeditationTextDisplay.swift */; };
		00F91E912EE3C357002FD154 /* CustomMeditation.swift in Sources */ = {isa = PBXBuildFile; fileRef = 00F91E902EE3C357002FD154 /* CustomMeditation.swift */; };
		00F91E932EE3C3FC002FD154 /* CustomMeditationManager.swift in Sources */ = {isa = PBXBuildFile; fileRef = 00F91E922EE3C3FC002FD154 /* CustomMeditationManager.swift */; };
		00F91E952EE3C536002FD154 /* CustomMeditationListView.swift in Sources */ = {isa = PBXBuildFile; fileRef = 00F91E942EE3C536002FD154 /* CustomMeditationListView.swift */; };
		00F91E972EE3C562002FD154 /* CustomMeditationEditorView.swift in Sources */ = {isa = PBXBuildFile; fileRef = 00F91E962EE3C562002FD154 /* CustomMeditationEditorView.swift */; };
/* End PBXBuildFile section */

/* Begin PBXFileReference section */
		00033E2C2E61F480005F906E /* CoreHaptics.framework */ = {isa = PBXFileReference; lastKnownFileType = wrapper.framework; name = CoreHaptics.framework; path = System/Library/Frameworks/CoreHaptics.framework; sourceTree = SDKROOT; };
		000D10612EE6827100E7BB5F /* ambient_06.m4a */ = {isa = PBXFileReference; lastKnownFileType = file; path = ambient_06.m4a; sourceTree = "<group>"; };
		000D10632EE6828200E7BB5F /* ambient_07.m4a */ = {isa = PBXFileReference; lastKnownFileType = file; path = ambient_07.m4a; sourceTree = "<group>"; };
		0021DBC92EE4021E002A8B5A /* BalanceSlider.swift */ = {isa = PBXFileReference; lastKnownFileType = sourcecode.swift; path = BalanceSlider.swift; sourceTree = "<group>"; };
		0032BABA2ED7F9C700837776 /* ambient_31.m4a */ = {isa = PBXFileReference; lastKnownFileType = file; path = ambient_31.m4a; sourceTree = "<group>"; };
		0032BABC2ED7F9D000837776 /* ambient_32.m4a */ = {isa = PBXFileReference; lastKnownFileType = file; path = ambient_32.m4a; sourceTree = "<group>"; };
		0032BABE2ED7F9D900837776 /* ambient_33.m4a */ = {isa = PBXFileReference; lastKnownFileType = file; path = ambient_33.m4a; sourceTree = "<group>"; };
		0032BAC02ED7F9E000837776 /* ambient_34.m4a */ = {isa = PBXFileReference; lastKnownFileType = file; path = ambient_34.m4a; sourceTree = "<group>"; };
		0032BAC42ED801D200837776 /* ambient_14.m4a */ = {isa = PBXFileReference; lastKnownFileType = file; path = ambient_14.m4a; sourceTree = "<group>"; };
		0032BAC62ED801DC00837776 /* ambient_19.m4a */ = {isa = PBXFileReference; lastKnownFileType = file; path = ambient_19.m4a; sourceTree = "<group>"; };
		0032BAC82EDAA4AB00837776 /* ambient_08.m4a */ = {isa = PBXFileReference; lastKnownFileType = file; path = ambient_08.m4a; sourceTree = "<group>"; };
		0033F88D2EDFFD5B006D3319 /* ambient_05.m4a */ = {isa = PBXFileReference; lastKnownFileType = file; path = ambient_05.m4a; sourceTree = "<group>"; };
		0033F8C12EE297CF006D3319 /* ColorExtensions.swift */ = {isa = PBXFileReference; lastKnownFileType = sourcecode.swift; path = ColorExtensions.swift; sourceTree = "<group>"; };
		0033F8C32EE297CF006D3319 /* DimMode.swift */ = {isa = PBXFileReference; lastKnownFileType = sourcecode.swift; path = DimMode.swift; sourceTree = "<group>"; };
		0033F8C42EE297CF006D3319 /* SelectedItem.swift */ = {isa = PBXFileReference; lastKnownFileType = sourcecode.swift; path = SelectedItem.swift; sourceTree = "<group>"; };
		0033F8C62EE297CF006D3319 /* CustomSlider.swift */ = {isa = PBXFileReference; lastKnownFileType = sourcecode.swift; path = CustomSlider.swift; sourceTree = "<group>"; };
		0033F8C82EE297CF006D3319 /* AlarmSelectionView.swift */ = {isa = PBXFileReference; lastKnownFileType = sourcecode.swift; path = AlarmSelectionView.swift; sourceTree = "<group>"; };
		0033F8C92EE297CF006D3319 /* BlobView.swift */ = {isa = PBXFileReference; lastKnownFileType = sourcecode.swift; path = BlobView.swift; sourceTree = "<group>"; };
		0033F8CA2EE297CF006D3319 /* BreathingBackgroundView.swift */ = {isa = PBXFileReference; lastKnownFileType = sourcecode.swift; path = BreathingBackgroundView.swift; sourceTree = "<group>"; };
		0033F8CB2EE297CF006D3319 /* ContentView.swift */ = {isa = PBXFileReference; lastKnownFileType = sourcecode.swift; path = ContentView.swift; sourceTree = "<group>"; };
		0033F8CC2EE297CF006D3319 /* ExpandingView.swift */ = {isa = PBXFileReference; lastKnownFileType = sourcecode.swift; path = ExpandingView.swift; sourceTree = "<group>"; };
		0033F8CD2EE297CF006D3319 /* PlasmaBackgroundView.swift */ = {isa = PBXFileReference; lastKnownFileType = sourcecode.swift; path = PlasmaBackgroundView.swift; sourceTree = "<group>"; };
		0033F8CF2EE297CF006D3319 /* Assets.xcassets */ = {isa = PBXFileReference; lastKnownFileType = folder.assetcatalog; path = Assets.xcassets; sourceTree = "<group>"; };
		0033F8D02EE297CF006D3319 /* Info.plist */ = {isa = PBXFileReference; lastKnownFileType = text.plist.xml; path = Info.plist; sourceTree = "<group>"; };
		0033F8D12EE297CF006D3319 /* TextToSpeechManager.swift */ = {isa = PBXFileReference; lastKnownFileType = sourcecode.swift; path = TextToSpeechManager.swift; sourceTree = "<group>"; };
		0033F8D22EE297CF006D3319 /* zz_timeApp.swift */ = {isa = PBXFileReference; lastKnownFileType = sourcecode.swift; path = zz_timeApp.swift; sourceTree = "<group>"; };
		00371AE62EAD71200037EDCF /* ambient_11.m4a */ = {isa = PBXFileReference; lastKnownFileType = file; path = ambient_11.m4a; sourceTree = "<group>"; };
		00371AE72EAD71200037EDCF /* ambient_12.m4a */ = {isa = PBXFileReference; lastKnownFileType = file; path = ambient_12.m4a; sourceTree = "<group>"; };
		00371AE82EAD71200037EDCF /* ambient_13.m4a */ = {isa = PBXFileReference; lastKnownFileType = file; path = ambient_13.m4a; sourceTree = "<group>"; };
		00371AEA2EAD71200037EDCF /* ambient_15.m4a */ = {isa = PBXFileReference; lastKnownFileType = file; path = ambient_15.m4a; sourceTree = "<group>"; };
		00371AEB2EAD71200037EDCF /* ambient_16.m4a */ = {isa = PBXFileReference; lastKnownFileType = file; path = ambient_16.m4a; sourceTree = "<group>"; };
		00371AEC2EAD71200037EDCF /* ambient_17.m4a */ = {isa = PBXFileReference; lastKnownFileType = file; path = ambient_17.m4a; sourceTree = "<group>"; };
		00371AED2EAD71200037EDCF /* ambient_18.m4a */ = {isa = PBXFileReference; lastKnownFileType = file; path = ambient_18.m4a; sourceTree = "<group>"; };
		00371AEF2EAD71200037EDCF /* ambient_20.m4a */ = {isa = PBXFileReference; lastKnownFileType = file; path = ambient_20.m4a; sourceTree = "<group>"; };
		00371AF02EAD71200037EDCF /* ambient_21.m4a */ = {isa = PBXFileReference; lastKnownFileType = file; path = ambient_21.m4a; sourceTree = "<group>"; };
		00371AF12EAD71200037EDCF /* ambient_22.m4a */ = {isa = PBXFileReference; lastKnownFileType = file; path = ambient_22.m4a; sourceTree = "<group>"; };
		00371AF22EAD71200037EDCF /* ambient_23.m4a */ = {isa = PBXFileReference; lastKnownFileType = file; path = ambient_23.m4a; sourceTree = "<group>"; };
		00371AF32EAD71200037EDCF /* ambient_24.m4a */ = {isa = PBXFileReference; lastKnownFileType = file; path = ambient_24.m4a; sourceTree = "<group>"; };
		00371AF42EAD71200037EDCF /* ambient_25.m4a */ = {isa = PBXFileReference; lastKnownFileType = file; path = ambient_25.m4a; sourceTree = "<group>"; };
		00371AF52EAD71200037EDCF /* ambient_26.m4a */ = {isa = PBXFileReference; lastKnownFileType = file; path = ambient_26.m4a; sourceTree = "<group>"; };
		00371AF62EAD71200037EDCF /* ambient_27.m4a */ = {isa = PBXFileReference; lastKnownFileType = file; path = ambient_27.m4a; sourceTree = "<group>"; };
		00371AF72EAD71200037EDCF /* ambient_28.m4a */ = {isa = PBXFileReference; lastKnownFileType = file; path = ambient_28.m4a; sourceTree = "<group>"; };
		00371AF82EAD71200037EDCF /* ambient_29.m4a */ = {isa = PBXFileReference; lastKnownFileType = file; path = ambient_29.m4a; sourceTree = "<group>"; };
		00371AF92EAD71200037EDCF /* ambient_30.m4a */ = {isa = PBXFileReference; lastKnownFileType = file; path = ambient_30.m4a; sourceTree = "<group>"; };
		004058112E5D245100E6C52E /* zz-time.app */ = {isa = PBXFileReference; explicitFileType = wrapper.application; includeInIndex = 0; path = "zz-time.app"; sourceTree = BUILT_PRODUCTS_DIR; };
		0069A9812EDFFB3300FFA508 /* ambient_09.m4a */ = {isa = PBXFileReference; lastKnownFileType = file; path = ambient_09.m4a; sourceTree = "<group>"; };
		0069A9822EDFFB3300FFA508 /* ambient_10.m4a */ = {isa = PBXFileReference; lastKnownFileType = file; path = ambient_10.m4a; sourceTree = "<group>"; };
		006D44622EDD4BD300264CFE /* ambient_01.m4a */ = {isa = PBXFileReference; lastKnownFileType = file; path = ambient_01.m4a; sourceTree = "<group>"; };
		006D44762EDE89EB00264CFE /* ambient_35.m4a */ = {isa = PBXFileReference; lastKnownFileType = file; path = ambient_35.m4a; sourceTree = "<group>"; };
		006D44782EDE9F6100264CFE /* ambient_04.m4a */ = {isa = PBXFileReference; lastKnownFileType = file; path = ambient_04.m4a; sourceTree = "<group>"; };
		009461862EDFEE5900DC9E82 /* ambient_02.m4a */ = {isa = PBXFileReference; lastKnownFileType = file; path = ambient_02.m4a; sourceTree = "<group>"; };
		0094618A2EDFF40000DC9E82 /* ambient_03.m4a */ = {isa = PBXFileReference; lastKnownFileType = file; path = ambient_03.m4a; sourceTree = "<group>"; };
		00EF8E543D50C3461BA2D7C4 /* MeditationTextDisplay.swift */ = {isa = PBXFileReference; lastKnownFileType = sourcecode.swift; path = MeditationTextDisplay.swift; sourceTree = "<group>"; };
		00F91E902EE3C357002FD154 /* CustomMeditation.swift */ = {isa = PBXFileReference; lastKnownFileType = sourcecode.swift; path = CustomMeditation.swift; sourceTree = "<group>"; };
		00F91E922EE3C3FC002FD154 /* CustomMeditationManager.swift */ = {isa = PBXFileReference; lastKnownFileType = sourcecode.swift; path = CustomMeditationManager.swift; sourceTree = "<group>"; };
		00F91E942EE3C536002FD154 /* CustomMeditationListView.swift */ = {isa = PBXFileReference; lastKnownFileType = sourcecode.swift; path = CustomMeditationListView.swift; sourceTree = "<group>"; };
		00F91E962EE3C562002FD154 /* CustomMeditationEditorView.swift */ = {isa = PBXFileReference; lastKnownFileType = sourcecode.swift; path = CustomMeditationEditorView.swift; sourceTree = "<group>"; };
/* End PBXFileReference section */

/* Begin PBXFileSystemSynchronizedRootGroup section */
		0033F8EC2EE299D9006D3319 /* Meditations */ = {
			isa = PBXFileSystemSynchronizedRootGroup;
			path = Meditations;
			sourceTree = "<group>";
		};
/* End PBXFileSystemSynchronizedRootGroup section */

/* Begin PBXFrameworksBuildPhase section */
		0040580E2E5D245100E6C52E /* Frameworks */ = {
			isa = PBXFrameworksBuildPhase;
			buildActionMask = 2147483647;
			files = (
			);
			runOnlyForDeploymentPostprocessing = 0;
		};
/* End PBXFrameworksBuildPhase section */

/* Begin PBXGroup section */
		00033DD62E5EBB1C005F906E /* Audio */ = {
			isa = PBXGroup;
			children = (
				006D44622EDD4BD300264CFE /* ambient_01.m4a */,
				009461862EDFEE5900DC9E82 /* ambient_02.m4a */,
				0094618A2EDFF40000DC9E82 /* ambient_03.m4a */,
				006D44782EDE9F6100264CFE /* ambient_04.m4a */,
				0033F88D2EDFFD5B006D3319 /* ambient_05.m4a */,
				000D10612EE6827100E7BB5F /* ambient_06.m4a */,
				000D10632EE6828200E7BB5F /* ambient_07.m4a */,
				0032BAC82EDAA4AB00837776 /* ambient_08.m4a */,
				0069A9812EDFFB3300FFA508 /* ambient_09.m4a */,
				0069A9822EDFFB3300FFA508 /* ambient_10.m4a */,
				00371AE62EAD71200037EDCF /* ambient_11.m4a */,
				00371AE72EAD71200037EDCF /* ambient_12.m4a */,
				00371AE82EAD71200037EDCF /* ambient_13.m4a */,
				0032BAC42ED801D200837776 /* ambient_14.m4a */,
				00371AEA2EAD71200037EDCF /* ambient_15.m4a */,
				00371AEB2EAD71200037EDCF /* ambient_16.m4a */,
				00371AEC2EAD71200037EDCF /* ambient_17.m4a */,
				00371AED2EAD71200037EDCF /* ambient_18.m4a */,
				0032BAC62ED801DC00837776 /* ambient_19.m4a */,
				00371AEF2EAD71200037EDCF /* ambient_20.m4a */,
				00371AF02EAD71200037EDCF /* ambient_21.m4a */,
				00371AF12EAD71200037EDCF /* ambient_22.m4a */,
				00371AF22EAD71200037EDCF /* ambient_23.m4a */,
				00371AF32EAD71200037EDCF /* ambient_24.m4a */,
				00371AF42EAD71200037EDCF /* ambient_25.m4a */,
				00371AF52EAD71200037EDCF /* ambient_26.m4a */,
				00371AF62EAD71200037EDCF /* ambient_27.m4a */,
				00371AF72EAD71200037EDCF /* ambient_28.m4a */,
				00371AF82EAD71200037EDCF /* ambient_29.m4a */,
				00371AF92EAD71200037EDCF /* ambient_30.m4a */,
				0032BABA2ED7F9C700837776 /* ambient_31.m4a */,
				0032BABC2ED7F9D000837776 /* ambient_32.m4a */,
				0032BABE2ED7F9D900837776 /* ambient_33.m4a */,
				0032BAC02ED7F9E000837776 /* ambient_34.m4a */,
				006D44762EDE89EB00264CFE /* ambient_35.m4a */,
			);
			path = Audio;
			sourceTree = "<group>";
		};
		00033E2B2E61F480005F906E /* Frameworks */ = {
			isa = PBXGroup;
			children = (
				00033E2C2E61F480005F906E /* CoreHaptics.framework */,
			);
			name = Frameworks;
			sourceTree = "<group>";
		};
		0033F8C22EE297CF006D3319 /* Extensions */ = {
			isa = PBXGroup;
			children = (
				0033F8C12EE297CF006D3319 /* ColorExtensions.swift */,
			);
			path = Extensions;
			sourceTree = "<group>";
		};
		0033F8C52EE297CF006D3319 /* Models */ = {
			isa = PBXGroup;
			children = (
				00F91E902EE3C357002FD154 /* CustomMeditation.swift */,
				0033F8C32EE297CF006D3319 /* DimMode.swift */,
				0033F8C42EE297CF006D3319 /* SelectedItem.swift */,
			);
			path = Models;
			sourceTree = "<group>";
		};
		0033F8C72EE297CF006D3319 /* Components */ = {
			isa = PBXGroup;
			children = (
				0021DBC92EE4021E002A8B5A /* BalanceSlider.swift */,
				00F91E922EE3C3FC002FD154 /* CustomMeditationManager.swift */,
				0033F8C62EE297CF006D3319 /* CustomSlider.swift */,
				00EF8E543D50C3461BA2D7C4 /* MeditationTextDisplay.swift */,
				0033F8D12EE297CF006D3319 /* TextToSpeechManager.swift */,
			);
			path = Components;
			sourceTree = "<group>";
		};
		0033F8CE2EE297CF006D3319 /* Views */ = {
			isa = PBXGroup;
			children = (
				0033F8C72EE297CF006D3319 /* Components */,
				0033F8C82EE297CF006D3319 /* AlarmSelectionView.swift */,
				0033F8C92EE297CF006D3319 /* BlobView.swift */,
				0033F8CA2EE297CF006D3319 /* BreathingBackgroundView.swift */,
				0033F8CB2EE297CF006D3319 /* ContentView.swift */,
				00F91E962EE3C562002FD154 /* CustomMeditationEditorView.swift */,
				00F91E942EE3C536002FD154 /* CustomMeditationListView.swift */,
				0033F8CC2EE297CF006D3319 /* ExpandingView.swift */,
				0033F8CD2EE297CF006D3319 /* PlasmaBackgroundView.swift */,
			);
			path = Views;
			sourceTree = "<group>";
		};
		0033F8D32EE297CF006D3319 /* zz-time */ = {
			isa = PBXGroup;
			children = (
				0033F8C22EE297CF006D3319 /* Extensions */,
				0033F8C52EE297CF006D3319 /* Models */,
				0033F8CE2EE297CF006D3319 /* Views */,
				0033F8CF2EE297CF006D3319 /* Assets.xcassets */,
				0033F8D02EE297CF006D3319 /* Info.plist */,
				0033F8D22EE297CF006D3319 /* zz_timeApp.swift */,
				0033F8EC2EE299D9006D3319 /* Meditations */,
			);
			path = "zz-time";
			sourceTree = "<group>";
		};
		004058082E5D245100E6C52E = {
			isa = PBXGroup;
			children = (
				0033F8D32EE297CF006D3319 /* zz-time */,
				00033DD62E5EBB1C005F906E /* Audio */,
				00033E2B2E61F480005F906E /* Frameworks */,
				004058122E5D245100E6C52E /* Products */,
			);
			sourceTree = "<group>";
		};
		004058122E5D245100E6C52E /* Products */ = {
			isa = PBXGroup;
			children = (
				004058112E5D245100E6C52E /* zz-time.app */,
			);
			name = Products;
			sourceTree = "<group>";
		};
/* End PBXGroup section */

/* Begin PBXNativeTarget section */
		004058102E5D245100E6C52E /* zz-time */ = {
			isa = PBXNativeTarget;
			buildConfigurationList = 0040581C2E5D245200E6C52E /* Build configuration list for PBXNativeTarget "zz-time" */;
			buildPhases = (
				0040580D2E5D245100E6C52E /* Sources */,
				0040580E2E5D245100E6C52E /* Frameworks */,
				0040580F2E5D245100E6C52E /* Resources */,
			);
			buildRules = (
			);
			dependencies = (
			);
			fileSystemSynchronizedGroups = (
				0033F8EC2EE299D9006D3319 /* Meditations */,
			);
			name = "zz-time";
			packageProductDependencies = (
			);
			productName = "zz-time";
			productReference = 004058112E5D245100E6C52E /* zz-time.app */;
			productType = "com.apple.product-type.application";
		};
/* End PBXNativeTarget section */

/* Begin PBXProject section */
		004058092E5D245100E6C52E /* Project object */ = {
			isa = PBXProject;
			attributes = {
				BuildIndependentTargetsInParallel = 1;
				LastSwiftUpdateCheck = 1630;
				LastUpgradeCheck = 1630;
				TargetAttributes = {
					004058102E5D245100E6C52E = {
						CreatedOnToolsVersion = 16.3;
					};
				};
			};
			buildConfigurationList = 0040580C2E5D245100E6C52E /* Build configuration list for PBXProject "zz-time" */;
			developmentRegion = en;
			hasScannedForEncodings = 0;
			knownRegions = (
				en,
				Base,
			);
			mainGroup = 004058082E5D245100E6C52E;
			minimizedProjectReferenceProxies = 1;
			preferredProjectObjectVersion = 77;
			productRefGroup = 004058122E5D245100E6C52E /* Products */;
			projectDirPath = "";
			projectRoot = "";
			targets = (
				004058102E5D245100E6C52E /* zz-time */,
			);
		};
/* End PBXProject section */

/* Begin PBXResourcesBuildPhase section */
		0040580F2E5D245100E6C52E /* Resources */ = {
			isa = PBXResourcesBuildPhase;
			buildActionMask = 2147483647;
			files = (
				0032BABB2ED7F9C700837776 /* ambient_31.m4a in Resources */,
				006D44692EDD4BD300264CFE /* ambient_01.m4a in Resources */,
				00371B012EAD71200037EDCF /* ambient_13.m4a in Resources */,
				00371B032EAD71200037EDCF /* ambient_20.m4a in Resources */,
				00371B042EAD71200037EDCF /* ambient_26.m4a in Resources */,
				00371B062EAD71200037EDCF /* ambient_24.m4a in Resources */,
				00371B072EAD71200037EDCF /* ambient_29.m4a in Resources */,
				0032BACB2EDAA4AB00837776 /* ambient_08.m4a in Resources */,
				0032BAC12ED7F9E000837776 /* ambient_34.m4a in Resources */,
				0094618B2EDFF40000DC9E82 /* ambient_03.m4a in Resources */,
				0032BABF2ED7F9D900837776 /* ambient_33.m4a in Resources */,
				006D44792EDE9F6100264CFE /* ambient_04.m4a in Resources */,
				0032BABD2ED7F9D000837776 /* ambient_32.m4a in Resources */,
				00371B092EAD71200037EDCF /* ambient_16.m4a in Resources */,
				0033F88E2EDFFD5B006D3319 /* ambient_05.m4a in Resources */,
				000D10642EE6828200E7BB5F /* ambient_07.m4a in Resources */,
				000D10622EE6827100E7BB5F /* ambient_06.m4a in Resources */,
				009461872EDFEE5900DC9E82 /* ambient_02.m4a in Resources */,
				006D44772EDE89EB00264CFE /* ambient_35.m4a in Resources */,
				00371B0A2EAD71200037EDCF /* ambient_27.m4a in Resources */,
				0032BAC52ED801D200837776 /* ambient_14.m4a in Resources */,
				00371B0B2EAD71200037EDCF /* ambient_18.m4a in Resources */,
				00371B0D2EAD71200037EDCF /* ambient_25.m4a in Resources */,
				0069A9832EDFFB3300FFA508 /* ambient_10.m4a in Resources */,
				0069A9842EDFFB3300FFA508 /* ambient_09.m4a in Resources */,
				00371B112EAD71200037EDCF /* ambient_12.m4a in Resources */,
				00371B132EAD71200037EDCF /* ambient_22.m4a in Resources */,
				0032BAC72ED801DC00837776 /* ambient_19.m4a in Resources */,
				00371B182EAD71200037EDCF /* ambient_17.m4a in Resources */,
				00371B1A2EAD71200037EDCF /* ambient_23.m4a in Resources */,
				0033F8E02EE297CF006D3319 /* Assets.xcassets in Resources */,
				00371B1B2EAD71200037EDCF /* ambient_28.m4a in Resources */,
				00371B1C2EAD71200037EDCF /* ambient_15.m4a in Resources */,
				00371B1D2EAD71200037EDCF /* ambient_30.m4a in Resources */,
				00371B1E2EAD71200037EDCF /* ambient_11.m4a in Resources */,
				00371B1F2EAD71200037EDCF /* ambient_21.m4a in Resources */,
			);
			runOnlyForDeploymentPostprocessing = 0;
		};
/* End PBXResourcesBuildPhase section */

/* Begin PBXSourcesBuildPhase section */
		0040580D2E5D245100E6C52E /* Sources */ = {
			isa = PBXSourcesBuildPhase;
			buildActionMask = 2147483647;
			files = (
				0021DBCA2EE4021E002A8B5A /* BalanceSlider.swift in Sources */,
				0033F8D42EE297CF006D3319 /* ColorExtensions.swift in Sources */,
				0033F8D52EE297CF006D3319 /* DimMode.swift in Sources */,
				0033F8D62EE297CF006D3319 /* SelectedItem.swift in Sources */,
				0033F8D72EE297CF006D3319 /* CustomSlider.swift in Sources */,
				0033F8D82EE297CF006D3319 /* AlarmSelectionView.swift in Sources */,
				0033F8D92EE297CF006D3319 /* BlobView.swift in Sources */,
				00F91E932EE3C3FC002FD154 /* CustomMeditationManager.swift in Sources */,
				00F91E912EE3C357002FD154 /* CustomMeditation.swift in Sources */,
				0033F8DA2EE297CF006D3319 /* BreathingBackgroundView.swift in Sources */,
				0033F8DB2EE297CF006D3319 /* ContentView.swift in Sources */,
				00F91E952EE3C536002FD154 /* CustomMeditationListView.swift in Sources */,
				0033F8DC2EE297CF006D3319 /* ExpandingView.swift in Sources */,
				00F91E972EE3C562002FD154 /* CustomMeditationEditorView.swift in Sources */,
				0033F8DD2EE297CF006D3319 /* PlasmaBackgroundView.swift in Sources */,
				0033F8DE2EE297CF006D3319 /* TextToSpeechManager.swift in Sources */,
				00C3BE3B5FABFD46F4B777F4 /* MeditationTextDisplay.swift in Sources */,
				0033F8DF2EE297CF006D3319 /* zz_timeApp.swift in Sources */,
			);
			runOnlyForDeploymentPostprocessing = 0;
		};
/* End PBXSourcesBuildPhase section */

/* Begin XCBuildConfiguration section */
		0040581A2E5D245200E6C52E /* Debug */ = {
			isa = XCBuildConfiguration;
			buildSettings = {
				ALWAYS_SEARCH_USER_PATHS = NO;
				ASSETCATALOG_COMPILER_GENERATE_SWIFT_ASSET_SYMBOL_EXTENSIONS = YES;
				CLANG_ANALYZER_NONNULL = YES;
				CLANG_ANALYZER_NUMBER_OBJECT_CONVERSION = YES_AGGRESSIVE;
				CLANG_CXX_LANGUAGE_STANDARD = "gnu++20";
				CLANG_ENABLE_MODULES = YES;
				CLANG_ENABLE_OBJC_ARC = YES;
				CLANG_ENABLE_OBJC_WEAK = YES;
				CLANG_WARN_BLOCK_CAPTURE_AUTORELEASING = YES;
				CLANG_WARN_BOOL_CONVERSION = YES;
				CLANG_WARN_COMMA = YES;
				CLANG_WARN_CONSTANT_CONVERSION = YES;
				CLANG_WARN_DEPRECATED_OBJC_IMPLEMENTATIONS = YES;
				CLANG_WARN_DIRECT_OBJC_ISA_USAGE = YES_ERROR;
				CLANG_WARN_DOCUMENTATION_COMMENTS = YES;
				CLANG_WARN_EMPTY_BODY = YES;
				CLANG_WARN_ENUM_CONVERSION = YES;
				CLANG_WARN_INFINITE_RECURSION = YES;
				CLANG_WARN_INT_CONVERSION = YES;
				CLANG_WARN_NON_LITERAL_NULL_CONVERSION = YES;
				CLANG_WARN_OBJC_IMPLICIT_RETAIN_SELF = YES;
				CLANG_WARN_OBJC_LITERAL_CONVERSION = YES;
				CLANG_WARN_OBJC_ROOT_CLASS = YES_ERROR;
				CLANG_WARN_QUOTED_INCLUDE_IN_FRAMEWORK_HEADER = YES;
				CLANG_WARN_RANGE_LOOP_ANALYSIS = YES;
				CLANG_WARN_STRICT_PROTOTYPES = YES;
				CLANG_WARN_SUSPICIOUS_MOVE = YES;
				CLANG_WARN_UNGUARDED_AVAILABILITY = YES_AGGRESSIVE;
				CLANG_WARN_UNREACHABLE_CODE = YES;
				CLANG_WARN__DUPLICATE_METHOD_MATCH = YES;
				COPY_PHASE_STRIP = NO;
				DEBUG_INFORMATION_FORMAT = dwarf;
				DEVELOPMENT_TEAM = 6T2JFKS3GA;
				ENABLE_STRICT_OBJC_MSGSEND = YES;
				ENABLE_TESTABILITY = YES;
				ENABLE_USER_SCRIPT_SANDBOXING = YES;
				GCC_C_LANGUAGE_STANDARD = gnu17;
				GCC_DYNAMIC_NO_PIC = NO;
				GCC_NO_COMMON_BLOCKS = YES;
				GCC_OPTIMIZATION_LEVEL = 0;
				GCC_PREPROCESSOR_DEFINITIONS = (
					"DEBUG=1",
					"$(inherited)",
				);
				GCC_WARN_64_TO_32_BIT_CONVERSION = YES;
				GCC_WARN_ABOUT_RETURN_TYPE = YES_ERROR;
				GCC_WARN_UNDECLARED_SELECTOR = YES;
				GCC_WARN_UNINITIALIZED_AUTOS = YES_AGGRESSIVE;
				GCC_WARN_UNUSED_FUNCTION = YES;
				GCC_WARN_UNUSED_VARIABLE = YES;
				IPHONEOS_DEPLOYMENT_TARGET = 18.4;
				LOCALIZATION_PREFERS_STRING_CATALOGS = YES;
				MTL_ENABLE_DEBUG_INFO = INCLUDE_SOURCE;
				MTL_FAST_MATH = YES;
				ONLY_ACTIVE_ARCH = YES;
				SDKROOT = iphoneos;
				SWIFT_ACTIVE_COMPILATION_CONDITIONS = "DEBUG $(inherited)";
				SWIFT_OPTIMIZATION_LEVEL = "-Onone";
			};
			name = Debug;
		};
		0040581B2E5D245200E6C52E /* Release */ = {
			isa = XCBuildConfiguration;
			buildSettings = {
				ALWAYS_SEARCH_USER_PATHS = NO;
				ASSETCATALOG_COMPILER_GENERATE_SWIFT_ASSET_SYMBOL_EXTENSIONS = YES;
				CLANG_ANALYZER_NONNULL = YES;
				CLANG_ANALYZER_NUMBER_OBJECT_CONVERSION = YES_AGGRESSIVE;
				CLANG_CXX_LANGUAGE_STANDARD = "gnu++20";
				CLANG_ENABLE_MODULES = YES;
				CLANG_ENABLE_OBJC_ARC = YES;
				CLANG_ENABLE_OBJC_WEAK = YES;
				CLANG_WARN_BLOCK_CAPTURE_AUTORELEASING = YES;
				CLANG_WARN_BOOL_CONVERSION = YES;
				CLANG_WARN_COMMA = YES;
				CLANG_WARN_CONSTANT_CONVERSION = YES;
				CLANG_WARN_DEPRECATED_OBJC_IMPLEMENTATIONS = YES;
				CLANG_WARN_DIRECT_OBJC_ISA_USAGE = YES_ERROR;
				CLANG_WARN_DOCUMENTATION_COMMENTS = YES;
				CLANG_WARN_EMPTY_BODY = YES;
				CLANG_WARN_ENUM_CONVERSION = YES;
				CLANG_WARN_INFINITE_RECURSION = YES;
				CLANG_WARN_INT_CONVERSION = YES;
				CLANG_WARN_NON_LITERAL_NULL_CONVERSION = YES;
				CLANG_WARN_OBJC_IMPLICIT_RETAIN_SELF = YES;
				CLANG_WARN_OBJC_LITERAL_CONVERSION = YES;
				CLANG_WARN_OBJC_ROOT_CLASS = YES_ERROR;
				CLANG_WARN_QUOTED_INCLUDE_IN_FRAMEWORK_HEADER = YES;
				CLANG_WARN_RANGE_LOOP_ANALYSIS = YES;
				CLANG_WARN_STRICT_PROTOTYPES = YES;
				CLANG_WARN_SUSPICIOUS_MOVE = YES;
				CLANG_WARN_UNGUARDED_AVAILABILITY = YES_AGGRESSIVE;
				CLANG_WARN_UNREACHABLE_CODE = YES;
				CLANG_WARN__DUPLICATE_METHOD_MATCH = YES;
				COPY_PHASE_STRIP = NO;
				DEBUG_INFORMATION_FORMAT = "dwarf-with-dsym";
				DEVELOPMENT_TEAM = 6T2JFKS3GA;
				ENABLE_NS_ASSERTIONS = NO;
				ENABLE_STRICT_OBJC_MSGSEND = YES;
				ENABLE_USER_SCRIPT_SANDBOXING = YES;
				GCC_C_LANGUAGE_STANDARD = gnu17;
				GCC_NO_COMMON_BLOCKS = YES;
				GCC_WARN_64_TO_32_BIT_CONVERSION = YES;
				GCC_WARN_ABOUT_RETURN_TYPE = YES_ERROR;
				GCC_WARN_UNDECLARED_SELECTOR = YES;
				GCC_WARN_UNINITIALIZED_AUTOS = YES_AGGRESSIVE;
				GCC_WARN_UNUSED_FUNCTION = YES;
				GCC_WARN_UNUSED_VARIABLE = YES;
				IPHONEOS_DEPLOYMENT_TARGET = 18.4;
				LOCALIZATION_PREFERS_STRING_CATALOGS = YES;
				MTL_ENABLE_DEBUG_INFO = NO;
				MTL_FAST_MATH = YES;
				SDKROOT = iphoneos;
				SWIFT_COMPILATION_MODE = wholemodule;
				VALIDATE_PRODUCT = YES;
			};
			name = Release;
		};
		0040581D2E5D245200E6C52E /* Debug */ = {
			isa = XCBuildConfiguration;
			buildSettings = {
				ASSETCATALOG_COMPILER_APPICON_NAME = AppIcon;
				ASSETCATALOG_COMPILER_GLOBAL_ACCENT_COLOR_NAME = AccentColor;
				CODE_SIGN_STYLE = Automatic;
				CURRENT_PROJECT_VERSION = 1;
				DEVELOPMENT_TEAM = 6T2JFKS3GA;
				ENABLE_PREVIEWS = YES;
				GENERATE_INFOPLIST_FILE = YES;
				INFOPLIST_FILE = "zz-time/Info.plist";
				INFOPLIST_KEY_CFBundleDisplayName = "Z Rooms";
				INFOPLIST_KEY_LSApplicationCategoryType = "public.app-category.healthcare-fitness";
				INFOPLIST_KEY_UIApplicationSceneManifest_Generation = YES;
				INFOPLIST_KEY_UIApplicationSupportsIndirectInputEvents = YES;
				INFOPLIST_KEY_UILaunchScreen_Generation = YES;
				INFOPLIST_KEY_UISupportedInterfaceOrientations = UIInterfaceOrientationPortrait;
				IPHONEOS_DEPLOYMENT_TARGET = 18.0;
				LD_RUNPATH_SEARCH_PATHS = (
					"$(inherited)",
					"@executable_path/Frameworks",
				);
				MARKETING_VERSION = 2.0;
				PRODUCT_BUNDLE_IDENTIFIER = "com.jmisabella.z-rooms";
				PRODUCT_NAME = "$(TARGET_NAME)";
				SWIFT_EMIT_LOC_STRINGS = YES;
				SWIFT_VERSION = 5.0;
				TARGETED_DEVICE_FAMILY = "1,2";
			};
			name = Debug;
		};
		0040581E2E5D245200E6C52E /* Release */ = {
			isa = XCBuildConfiguration;
			buildSettings = {
				ASSETCATALOG_COMPILER_APPICON_NAME = AppIcon;
				ASSETCATALOG_COMPILER_GLOBAL_ACCENT_COLOR_NAME = AccentColor;
				CODE_SIGN_STYLE = Automatic;
				CURRENT_PROJECT_VERSION = 1;
				DEVELOPMENT_TEAM = 6T2JFKS3GA;
				ENABLE_PREVIEWS = YES;
				GENERATE_INFOPLIST_FILE = YES;
				INFOPLIST_FILE = "zz-time/Info.plist";
				INFOPLIST_KEY_CFBundleDisplayName = "Z Rooms";
				INFOPLIST_KEY_LSApplicationCategoryType = "public.app-category.healthcare-fitness";
				INFOPLIST_KEY_UIApplicationSceneManifest_Generation = YES;
				INFOPLIST_KEY_UIApplicationSupportsIndirectInputEvents = YES;
				INFOPLIST_KEY_UILaunchScreen_Generation = YES;
				INFOPLIST_KEY_UISupportedInterfaceOrientations = UIInterfaceOrientationPortrait;
				IPHONEOS_DEPLOYMENT_TARGET = 18.0;
				LD_RUNPATH_SEARCH_PATHS = (
					"$(inherited)",
					"@executable_path/Frameworks",
				);
				MARKETING_VERSION = 2.0;
				PRODUCT_BUNDLE_IDENTIFIER = "com.jmisabella.z-rooms";
				PRODUCT_NAME = "$(TARGET_NAME)";
				SWIFT_EMIT_LOC_STRINGS = YES;
				SWIFT_VERSION = 5.0;
				TARGETED_DEVICE_FAMILY = "1,2";
			};
			name = Release;
		};
/* End XCBuildConfiguration section */

/* Begin XCConfigurationList section */
		0040580C2E5D245100E6C52E /* Build configuration list for PBXProject "zz-time" */ = {
			isa = XCConfigurationList;
			buildConfigurations = (
				0040581A2E5D245200E6C52E /* Debug */,
				0040581B2E5D245200E6C52E /* Release */,
			);
			defaultConfigurationIsVisible = 0;
			defaultConfigurationName = Release;
		};
		0040581C2E5D245200E6C52E /* Build configuration list for PBXNativeTarget "zz-time" */ = {
			isa = XCConfigurationList;
			buildConfigurations = (
				0040581D2E5D245200E6C52E /* Debug */,
				0040581E2E5D245200E6C52E /* Release */,
			);
			defaultConfigurationIsVisible = 0;
			defaultConfigurationName = Release;
		};
/* End XCConfigurationList section */
	};
	rootObject = 004058092E5D245100E6C52E /* Project object */;
}
